// !$*UTF8*$!
{
	archiveVersion = 1;
	classes = {
	};
	objectVersion = 46;
	objects = {

/* Begin PBXBuildFile section */
		0B0379542C89F96D007CD883 /* Media.xcassets in Resources */ = {isa = PBXBuildFile; fileRef = 0B0379182C89F96D007CD883 /* Media.xcassets */; };
		0B0379552C89F96D007CD883 /* AmericanExpress.swift in Sources */ = {isa = PBXBuildFile; fileRef = 0B03791A2C89F96D007CD883 /* AmericanExpress.swift */; };
		0B0379562C89F96D007CD883 /* ChinaUnionPay.swift in Sources */ = {isa = PBXBuildFile; fileRef = 0B03791B2C89F96D007CD883 /* ChinaUnionPay.swift */; };
		0B0379572C89F96D007CD883 /* DinersClub.swift in Sources */ = {isa = PBXBuildFile; fileRef = 0B03791C2C89F96D007CD883 /* DinersClub.swift */; };
		0B0379582C89F96D007CD883 /* Discover.swift in Sources */ = {isa = PBXBuildFile; fileRef = 0B03791D2C89F96D007CD883 /* Discover.swift */; };
		0B0379592C89F96D007CD883 /* JCB.swift in Sources */ = {isa = PBXBuildFile; fileRef = 0B03791E2C89F96D007CD883 /* JCB.swift */; };
		0B03795A2C89F96D007CD883 /* MasterCard.swift in Sources */ = {isa = PBXBuildFile; fileRef = 0B03791F2C89F96D007CD883 /* MasterCard.swift */; };
		0B03795B2C89F96D007CD883 /* UnknownCardType.swift in Sources */ = {isa = PBXBuildFile; fileRef = 0B0379202C89F96D007CD883 /* UnknownCardType.swift */; };
		0B03795C2C89F96D007CD883 /* Visa.swift in Sources */ = {isa = PBXBuildFile; fileRef = 0B0379212C89F96D007CD883 /* Visa.swift */; };
		0B03795D2C89F96D007CD883 /* Card.swift in Sources */ = {isa = PBXBuildFile; fileRef = 0B0379232C89F96D007CD883 /* Card.swift */; };
		0B03795E2C89F96D007CD883 /* CardType.swift in Sources */ = {isa = PBXBuildFile; fileRef = 0B0379242C89F96D007CD883 /* CardType.swift */; };
		0B03795F2C89F96D007CD883 /* CardTypeRegister.swift in Sources */ = {isa = PBXBuildFile; fileRef = 0B0379252C89F96D007CD883 /* CardTypeRegister.swift */; };
		0B0379602C89F96D007CD883 /* CVC.swift in Sources */ = {isa = PBXBuildFile; fileRef = 0B0379262C89F96D007CD883 /* CVC.swift */; };
		0B0379612C89F96D007CD883 /* Expiry.swift in Sources */ = {isa = PBXBuildFile; fileRef = 0B0379272C89F96D007CD883 /* Expiry.swift */; };
		0B0379622C89F96D007CD883 /* Number.swift in Sources */ = {isa = PBXBuildFile; fileRef = 0B0379282C89F96D007CD883 /* Number.swift */; };
		0B0379632C89F96D007CD883 /* CardNumberFormatter.swift in Sources */ = {isa = PBXBuildFile; fileRef = 0B03792A2C89F96D007CD883 /* CardNumberFormatter.swift */; };
		0B0379642C89F96D007CD883 /* CardInfoTextFieldDelegate.swift in Sources */ = {isa = PBXBuildFile; fileRef = 0B03792C2C89F96D007CD883 /* CardInfoTextFieldDelegate.swift */; };
		0B0379652C89F96D007CD883 /* AutoCompletingTextField.swift in Sources */ = {isa = PBXBuildFile; fileRef = 0B03792E2C89F96D007CD883 /* AutoCompletingTextField.swift */; };
		0B0379662C89F96D007CD883 /* TextFieldValidation.swift in Sources */ = {isa = PBXBuildFile; fileRef = 0B03792F2C89F96D007CD883 /* TextFieldValidation.swift */; };
		0B0379672C89F96D007CD883 /* CVCInputTextField.swift in Sources */ = {isa = PBXBuildFile; fileRef = 0B0379312C89F96D007CD883 /* CVCInputTextField.swift */; };
		0B0379682C89F96D007CD883 /* DetailInputTextField.swift in Sources */ = {isa = PBXBuildFile; fileRef = 0B0379322C89F96D007CD883 /* DetailInputTextField.swift */; };
		0B0379692C89F96D007CD883 /* MonthInputTextField.swift in Sources */ = {isa = PBXBuildFile; fileRef = 0B0379332C89F96D007CD883 /* MonthInputTextField.swift */; };
		0B03796A2C89F96D007CD883 /* YearInputTextField.swift in Sources */ = {isa = PBXBuildFile; fileRef = 0B0379342C89F96D007CD883 /* YearInputTextField.swift */; };
		0B03796B2C89F96D007CD883 /* CardTextField.swift in Sources */ = {isa = PBXBuildFile; fileRef = 0B0379362C89F96D007CD883 /* CardTextField.swift */; };
		0B03796C2C89F96D007CD883 /* CardTextField+CardInfoTextFieldDelegate.swift in Sources */ = {isa = PBXBuildFile; fileRef = 0B0379372C89F96D007CD883 /* CardTextField+CardInfoTextFieldDelegate.swift */; };
		0B03796D2C89F96D007CD883 /* CardTextField+InterfaceBuilder.swift in Sources */ = {isa = PBXBuildFile; fileRef = 0B0379382C89F96D007CD883 /* CardTextField+InterfaceBuilder.swift */; };
		0B03796E2C89F96D007CD883 /* CardTextField+PrefillInformation.swift in Sources */ = {isa = PBXBuildFile; fileRef = 0B0379392C89F96D007CD883 /* CardTextField+PrefillInformation.swift */; };
		0B03796F2C89F96D007CD883 /* CardTextField+ViewAnimations.swift in Sources */ = {isa = PBXBuildFile; fileRef = 0B03793A2C89F96D007CD883 /* CardTextField+ViewAnimations.swift */; };
		0B0379702C89F96D007CD883 /* CardTextFieldDelegate.swift in Sources */ = {isa = PBXBuildFile; fileRef = 0B03793B2C89F96D007CD883 /* CardTextFieldDelegate.swift */; };
		0B0379712C89F96D007CD883 /* CardTypeImageStore.swift in Sources */ = {isa = PBXBuildFile; fileRef = 0B03793C2C89F96D007CD883 /* CardTypeImageStore.swift */; };
		0B0379722C89F96D007CD883 /* CardView.xib in Resources */ = {isa = PBXBuildFile; fileRef = 0B03793D2C89F96D007CD883 /* CardView.xib */; };
		0B0379732C89F96D007CD883 /* NumberInputTextField.swift in Sources */ = {isa = PBXBuildFile; fileRef = 0B03793E2C89F96D007CD883 /* NumberInputTextField.swift */; };
		0B0379742C89F96D007CD883 /* NumberInputTextFieldDelegate.swift in Sources */ = {isa = PBXBuildFile; fileRef = 0B03793F2C89F96D007CD883 /* NumberInputTextFieldDelegate.swift */; };
		0B0379752C89F96D007CD883 /* StylizedTextField.swift in Sources */ = {isa = PBXBuildFile; fileRef = 0B0379402C89F96D007CD883 /* StylizedTextField.swift */; };
		0B0379762C89F96D007CD883 /* CardValidationResult.swift in Sources */ = {isa = PBXBuildFile; fileRef = 0B0379422C89F96D007CD883 /* CardValidationResult.swift */; };
		0B0379772C89F96D007CD883 /* Caishen.h in Headers */ = {isa = PBXBuildFile; fileRef = 0B0379442C89F96D007CD883 /* Caishen.h */; };
		0B0379782C89F96D007CD883 /* Caishen.swift in Sources */ = {isa = PBXBuildFile; fileRef = 0B0379452C89F96D007CD883 /* Caishen.swift */; };
		0B0379792C89F96D007CD883 /* CharacterExtension.swift in Sources */ = {isa = PBXBuildFile; fileRef = 0B0379462C89F96D007CD883 /* CharacterExtension.swift */; };
		0B03797B2C89F96D007CD883 /* Localization.swift in Sources */ = {isa = PBXBuildFile; fileRef = 0B0379482C89F96D007CD883 /* Localization.swift */; };
		0B03797C2C89F96D007CD883 /* StringExtension.swift in Sources */ = {isa = PBXBuildFile; fileRef = 0B0379492C89F96D007CD883 /* StringExtension.swift */; };
		0B03797D2C89F96D007CD883 /* UITextField+Extensions.swift in Sources */ = {isa = PBXBuildFile; fileRef = 0B03794A2C89F96D007CD883 /* UITextField+Extensions.swift */; };
		0B03797E2C89F96D007CD883 /* Localizable.strings in Resources */ = {isa = PBXBuildFile; fileRef = 0B03794D2C89F96D007CD883 /* Localizable.strings */; };
		0B03797F2C89F96D007CD883 /* Localizable.strings in Resources */ = {isa = PBXBuildFile; fileRef = 0B03794F2C89F96D007CD883 /* Localizable.strings */; };
		0B0379802C89F96D007CD883 /* Localizable.strings in Resources */ = {isa = PBXBuildFile; fileRef = 0B0379512C89F96D007CD883 /* Localizable.strings */; };
		0B0379912C89FA0A007CD883 /* CaishenTests.swift in Sources */ = {isa = PBXBuildFile; fileRef = 0B0379812C89F977007CD883 /* CaishenTests.swift */; };
		0B0379922C89FA0A007CD883 /* CardNumberFormatterTests.swift in Sources */ = {isa = PBXBuildFile; fileRef = 0B0379842C89F977007CD883 /* CardNumberFormatterTests.swift */; };
		0B0379932C89FA0A007CD883 /* CardCVCValidatorTests.swift in Sources */ = {isa = PBXBuildFile; fileRef = 0B0379822C89F977007CD883 /* CardCVCValidatorTests.swift */; };
		0B0379942C89FA0A007CD883 /* CardNumberValidatorTests.swift in Sources */ = {isa = PBXBuildFile; fileRef = 0B0379852C89F977007CD883 /* CardNumberValidatorTests.swift */; };
		0B0379952C89FA0A007CD883 /* CardExpiryValidatorTests.swift in Sources */ = {isa = PBXBuildFile; fileRef = 0B0379832C89F977007CD883 /* CardExpiryValidatorTests.swift */; };
		0B0379962C89FA0A007CD883 /* XCTAssertValidation.swift in Sources */ = {isa = PBXBuildFile; fileRef = 0B0379872C89F977007CD883 /* XCTAssertValidation.swift */; };
		2FDD151B1CC7B0B90086CEAC /* Caishen.framework in Frameworks */ = {isa = PBXBuildFile; fileRef = 2FDD15101CC7B0B90086CEAC /* Caishen.framework */; };
/* End PBXBuildFile section */

/* Begin PBXContainerItemProxy section */
		2FDD151C1CC7B0B90086CEAC /* PBXContainerItemProxy */ = {
			isa = PBXContainerItemProxy;
			containerPortal = 2FDD15071CC7B0B90086CEAC /* Project object */;
			proxyType = 1;
			remoteGlobalIDString = 2FDD150F1CC7B0B90086CEAC;
			remoteInfo = Caishen;
		};
/* End PBXContainerItemProxy section */

/* Begin PBXFileReference section */
		0B0379182C89F96D007CD883 /* Media.xcassets */ = {isa = PBXFileReference; lastKnownFileType = folder.assetcatalog; path = Media.xcassets; sourceTree = "<group>"; };
		0B03791A2C89F96D007CD883 /* AmericanExpress.swift */ = {isa = PBXFileReference; fileEncoding = 4; lastKnownFileType = sourcecode.swift; path = AmericanExpress.swift; sourceTree = "<group>"; };
		0B03791B2C89F96D007CD883 /* ChinaUnionPay.swift */ = {isa = PBXFileReference; fileEncoding = 4; lastKnownFileType = sourcecode.swift; path = ChinaUnionPay.swift; sourceTree = "<group>"; };
		0B03791C2C89F96D007CD883 /* DinersClub.swift */ = {isa = PBXFileReference; fileEncoding = 4; lastKnownFileType = sourcecode.swift; path = DinersClub.swift; sourceTree = "<group>"; };
		0B03791D2C89F96D007CD883 /* Discover.swift */ = {isa = PBXFileReference; fileEncoding = 4; lastKnownFileType = sourcecode.swift; path = Discover.swift; sourceTree = "<group>"; };
		0B03791E2C89F96D007CD883 /* JCB.swift */ = {isa = PBXFileReference; fileEncoding = 4; lastKnownFileType = sourcecode.swift; path = JCB.swift; sourceTree = "<group>"; };
		0B03791F2C89F96D007CD883 /* MasterCard.swift */ = {isa = PBXFileReference; fileEncoding = 4; lastKnownFileType = sourcecode.swift; path = MasterCard.swift; sourceTree = "<group>"; };
		0B0379202C89F96D007CD883 /* UnknownCardType.swift */ = {isa = PBXFileReference; fileEncoding = 4; lastKnownFileType = sourcecode.swift; path = UnknownCardType.swift; sourceTree = "<group>"; };
		0B0379212C89F96D007CD883 /* Visa.swift */ = {isa = PBXFileReference; fileEncoding = 4; lastKnownFileType = sourcecode.swift; path = Visa.swift; sourceTree = "<group>"; };
		0B0379232C89F96D007CD883 /* Card.swift */ = {isa = PBXFileReference; fileEncoding = 4; lastKnownFileType = sourcecode.swift; path = Card.swift; sourceTree = "<group>"; };
		0B0379242C89F96D007CD883 /* CardType.swift */ = {isa = PBXFileReference; fileEncoding = 4; lastKnownFileType = sourcecode.swift; path = CardType.swift; sourceTree = "<group>"; };
		0B0379252C89F96D007CD883 /* CardTypeRegister.swift */ = {isa = PBXFileReference; fileEncoding = 4; lastKnownFileType = sourcecode.swift; path = CardTypeRegister.swift; sourceTree = "<group>"; };
		0B0379262C89F96D007CD883 /* CVC.swift */ = {isa = PBXFileReference; fileEncoding = 4; lastKnownFileType = sourcecode.swift; path = CVC.swift; sourceTree = "<group>"; };
		0B0379272C89F96D007CD883 /* Expiry.swift */ = {isa = PBXFileReference; fileEncoding = 4; lastKnownFileType = sourcecode.swift; path = Expiry.swift; sourceTree = "<group>"; };
		0B0379282C89F96D007CD883 /* Number.swift */ = {isa = PBXFileReference; fileEncoding = 4; lastKnownFileType = sourcecode.swift; path = Number.swift; sourceTree = "<group>"; };
		0B03792A2C89F96D007CD883 /* CardNumberFormatter.swift */ = {isa = PBXFileReference; fileEncoding = 4; lastKnownFileType = sourcecode.swift; path = CardNumberFormatter.swift; sourceTree = "<group>"; };
		0B03792C2C89F96D007CD883 /* CardInfoTextFieldDelegate.swift */ = {isa = PBXFileReference; fileEncoding = 4; lastKnownFileType = sourcecode.swift; path = CardInfoTextFieldDelegate.swift; sourceTree = "<group>"; };
		0B03792E2C89F96D007CD883 /* AutoCompletingTextField.swift */ = {isa = PBXFileReference; fileEncoding = 4; lastKnownFileType = sourcecode.swift; path = AutoCompletingTextField.swift; sourceTree = "<group>"; };
		0B03792F2C89F96D007CD883 /* TextFieldValidation.swift */ = {isa = PBXFileReference; fileEncoding = 4; lastKnownFileType = sourcecode.swift; path = TextFieldValidation.swift; sourceTree = "<group>"; };
		0B0379312C89F96D007CD883 /* CVCInputTextField.swift */ = {isa = PBXFileReference; fileEncoding = 4; lastKnownFileType = sourcecode.swift; path = CVCInputTextField.swift; sourceTree = "<group>"; };
		0B0379322C89F96D007CD883 /* DetailInputTextField.swift */ = {isa = PBXFileReference; fileEncoding = 4; lastKnownFileType = sourcecode.swift; path = DetailInputTextField.swift; sourceTree = "<group>"; };
		0B0379332C89F96D007CD883 /* MonthInputTextField.swift */ = {isa = PBXFileReference; fileEncoding = 4; lastKnownFileType = sourcecode.swift; path = MonthInputTextField.swift; sourceTree = "<group>"; };
		0B0379342C89F96D007CD883 /* YearInputTextField.swift */ = {isa = PBXFileReference; fileEncoding = 4; lastKnownFileType = sourcecode.swift; path = YearInputTextField.swift; sourceTree = "<group>"; };
		0B0379362C89F96D007CD883 /* CardTextField.swift */ = {isa = PBXFileReference; fileEncoding = 4; lastKnownFileType = sourcecode.swift; path = CardTextField.swift; sourceTree = "<group>"; };
		0B0379372C89F96D007CD883 /* CardTextField+CardInfoTextFieldDelegate.swift */ = {isa = PBXFileReference; fileEncoding = 4; lastKnownFileType = sourcecode.swift; path = "CardTextField+CardInfoTextFieldDelegate.swift"; sourceTree = "<group>"; };
		0B0379382C89F96D007CD883 /* CardTextField+InterfaceBuilder.swift */ = {isa = PBXFileReference; fileEncoding = 4; lastKnownFileType = sourcecode.swift; path = "CardTextField+InterfaceBuilder.swift"; sourceTree = "<group>"; };
		0B0379392C89F96D007CD883 /* CardTextField+PrefillInformation.swift */ = {isa = PBXFileReference; fileEncoding = 4; lastKnownFileType = sourcecode.swift; path = "CardTextField+PrefillInformation.swift"; sourceTree = "<group>"; };
		0B03793A2C89F96D007CD883 /* CardTextField+ViewAnimations.swift */ = {isa = PBXFileReference; fileEncoding = 4; lastKnownFileType = sourcecode.swift; path = "CardTextField+ViewAnimations.swift"; sourceTree = "<group>"; };
		0B03793B2C89F96D007CD883 /* CardTextFieldDelegate.swift */ = {isa = PBXFileReference; fileEncoding = 4; lastKnownFileType = sourcecode.swift; path = CardTextFieldDelegate.swift; sourceTree = "<group>"; };
		0B03793C2C89F96D007CD883 /* CardTypeImageStore.swift */ = {isa = PBXFileReference; fileEncoding = 4; lastKnownFileType = sourcecode.swift; path = CardTypeImageStore.swift; sourceTree = "<group>"; };
		0B03793D2C89F96D007CD883 /* CardView.xib */ = {isa = PBXFileReference; fileEncoding = 4; lastKnownFileType = file.xib; path = CardView.xib; sourceTree = "<group>"; };
		0B03793E2C89F96D007CD883 /* NumberInputTextField.swift */ = {isa = PBXFileReference; fileEncoding = 4; lastKnownFileType = sourcecode.swift; path = NumberInputTextField.swift; sourceTree = "<group>"; };
		0B03793F2C89F96D007CD883 /* NumberInputTextFieldDelegate.swift */ = {isa = PBXFileReference; fileEncoding = 4; lastKnownFileType = sourcecode.swift; path = NumberInputTextFieldDelegate.swift; sourceTree = "<group>"; };
		0B0379402C89F96D007CD883 /* StylizedTextField.swift */ = {isa = PBXFileReference; fileEncoding = 4; lastKnownFileType = sourcecode.swift; path = StylizedTextField.swift; sourceTree = "<group>"; };
		0B0379422C89F96D007CD883 /* CardValidationResult.swift */ = {isa = PBXFileReference; fileEncoding = 4; lastKnownFileType = sourcecode.swift; path = CardValidationResult.swift; sourceTree = "<group>"; };
		0B0379442C89F96D007CD883 /* Caishen.h */ = {isa = PBXFileReference; fileEncoding = 4; lastKnownFileType = sourcecode.c.h; path = Caishen.h; sourceTree = "<group>"; };
		0B0379452C89F96D007CD883 /* Caishen.swift */ = {isa = PBXFileReference; fileEncoding = 4; lastKnownFileType = sourcecode.swift; path = Caishen.swift; sourceTree = "<group>"; };
		0B0379462C89F96D007CD883 /* CharacterExtension.swift */ = {isa = PBXFileReference; fileEncoding = 4; lastKnownFileType = sourcecode.swift; path = CharacterExtension.swift; sourceTree = "<group>"; };
		0B0379472C89F96D007CD883 /* Info.plist */ = {isa = PBXFileReference; fileEncoding = 4; lastKnownFileType = text.plist.xml; path = Info.plist; sourceTree = "<group>"; };
		0B0379482C89F96D007CD883 /* Localization.swift */ = {isa = PBXFileReference; fileEncoding = 4; lastKnownFileType = sourcecode.swift; path = Localization.swift; sourceTree = "<group>"; };
		0B0379492C89F96D007CD883 /* StringExtension.swift */ = {isa = PBXFileReference; fileEncoding = 4; lastKnownFileType = sourcecode.swift; path = StringExtension.swift; sourceTree = "<group>"; };
		0B03794A2C89F96D007CD883 /* UITextField+Extensions.swift */ = {isa = PBXFileReference; fileEncoding = 4; lastKnownFileType = sourcecode.swift; path = "UITextField+Extensions.swift"; sourceTree = "<group>"; };
		0B03794C2C89F96D007CD883 /* de */ = {isa = PBXFileReference; lastKnownFileType = text.plist.strings; name = de; path = de.lproj/Localizable.strings; sourceTree = "<group>"; };
		0B03794E2C89F96D007CD883 /* zh-Hans */ = {isa = PBXFileReference; lastKnownFileType = text.plist.strings; name = "zh-Hans"; path = "zh-Hans.lproj/Localizable.strings"; sourceTree = "<group>"; };
		0B0379502C89F96D007CD883 /* en */ = {isa = PBXFileReference; lastKnownFileType = text.plist.strings; name = en; path = en.lproj/Localizable.strings; sourceTree = "<group>"; };
		0B0379812C89F977007CD883 /* CaishenTests.swift */ = {isa = PBXFileReference; fileEncoding = 4; lastKnownFileType = sourcecode.swift; path = CaishenTests.swift; sourceTree = "<group>"; };
		0B0379822C89F977007CD883 /* CardCVCValidatorTests.swift */ = {isa = PBXFileReference; fileEncoding = 4; lastKnownFileType = sourcecode.swift; path = CardCVCValidatorTests.swift; sourceTree = "<group>"; };
		0B0379832C89F977007CD883 /* CardExpiryValidatorTests.swift */ = {isa = PBXFileReference; fileEncoding = 4; lastKnownFileType = sourcecode.swift; path = CardExpiryValidatorTests.swift; sourceTree = "<group>"; };
		0B0379842C89F977007CD883 /* CardNumberFormatterTests.swift */ = {isa = PBXFileReference; fileEncoding = 4; lastKnownFileType = sourcecode.swift; path = CardNumberFormatterTests.swift; sourceTree = "<group>"; };
		0B0379852C89F977007CD883 /* CardNumberValidatorTests.swift */ = {isa = PBXFileReference; fileEncoding = 4; lastKnownFileType = sourcecode.swift; path = CardNumberValidatorTests.swift; sourceTree = "<group>"; };
		0B0379862C89F977007CD883 /* Info.plist */ = {isa = PBXFileReference; fileEncoding = 4; lastKnownFileType = text.plist.xml; path = Info.plist; sourceTree = "<group>"; };
		0B0379872C89F977007CD883 /* XCTAssertValidation.swift */ = {isa = PBXFileReference; fileEncoding = 4; lastKnownFileType = sourcecode.swift; path = XCTAssertValidation.swift; sourceTree = "<group>"; };
		2FDD15101CC7B0B90086CEAC /* Caishen.framework */ = {isa = PBXFileReference; explicitFileType = wrapper.framework; includeInIndex = 0; path = Caishen.framework; sourceTree = BUILT_PRODUCTS_DIR; };
		2FDD151A1CC7B0B90086CEAC /* CaishenTests.xctest */ = {isa = PBXFileReference; explicitFileType = wrapper.cfbundle; includeInIndex = 0; path = CaishenTests.xctest; sourceTree = BUILT_PRODUCTS_DIR; };
/* End PBXFileReference section */

/* Begin PBXFrameworksBuildPhase section */
		2FDD150C1CC7B0B90086CEAC /* Frameworks */ = {
			isa = PBXFrameworksBuildPhase;
			buildActionMask = 2147483647;
			files = (
			);
			runOnlyForDeploymentPostprocessing = 0;
		};
		2FDD15171CC7B0B90086CEAC /* Frameworks */ = {
			isa = PBXFrameworksBuildPhase;
			buildActionMask = 2147483647;
			files = (
				2FDD151B1CC7B0B90086CEAC /* Caishen.framework in Frameworks */,
			);
			runOnlyForDeploymentPostprocessing = 0;
		};
/* End PBXFrameworksBuildPhase section */

/* Begin PBXGroup section */
		0B0379192C89F96D007CD883 /* Assets */ = {
			isa = PBXGroup;
			children = (
				0B0379182C89F96D007CD883 /* Media.xcassets */,
			);
			path = Assets;
			sourceTree = "<group>";
		};
		0B0379222C89F96D007CD883 /* Default Card Types */ = {
			isa = PBXGroup;
			children = (
				0B03791A2C89F96D007CD883 /* AmericanExpress.swift */,
				0B03791B2C89F96D007CD883 /* ChinaUnionPay.swift */,
				0B03791C2C89F96D007CD883 /* DinersClub.swift */,
				0B03791D2C89F96D007CD883 /* Discover.swift */,
				0B03791E2C89F96D007CD883 /* JCB.swift */,
				0B03791F2C89F96D007CD883 /* MasterCard.swift */,
				0B0379202C89F96D007CD883 /* UnknownCardType.swift */,
				0B0379212C89F96D007CD883 /* Visa.swift */,
			);
			path = "Default Card Types";
			sourceTree = "<group>";
		};
		0B0379292C89F96D007CD883 /* Cards */ = {
			isa = PBXGroup;
			children = (
				0B0379222C89F96D007CD883 /* Default Card Types */,
				0B0379232C89F96D007CD883 /* Card.swift */,
				0B0379242C89F96D007CD883 /* CardType.swift */,
				0B0379252C89F96D007CD883 /* CardTypeRegister.swift */,
				0B0379262C89F96D007CD883 /* CVC.swift */,
				0B0379272C89F96D007CD883 /* Expiry.swift */,
				0B0379282C89F96D007CD883 /* Number.swift */,
			);
			path = Cards;
			sourceTree = "<group>";
		};
		0B03792B2C89F96D007CD883 /* Format */ = {
			isa = PBXGroup;
			children = (
				0B03792A2C89F96D007CD883 /* CardNumberFormatter.swift */,
			);
			path = Format;
			sourceTree = "<group>";
		};
		0B03792D2C89F96D007CD883 /* Delegates */ = {
			isa = PBXGroup;
			children = (
				0B03792C2C89F96D007CD883 /* CardInfoTextFieldDelegate.swift */,
			);
			path = Delegates;
			sourceTree = "<group>";
		};
		0B0379302C89F96D007CD883 /* Protocols */ = {
			isa = PBXGroup;
			children = (
				0B03792E2C89F96D007CD883 /* AutoCompletingTextField.swift */,
				0B03792F2C89F96D007CD883 /* TextFieldValidation.swift */,
			);
			path = Protocols;
			sourceTree = "<group>";
		};
		0B0379352C89F96D007CD883 /* Text Fields */ = {
			isa = PBXGroup;
			children = (
				0B03792D2C89F96D007CD883 /* Delegates */,
				0B0379302C89F96D007CD883 /* Protocols */,
				0B0379312C89F96D007CD883 /* CVCInputTextField.swift */,
				0B0379322C89F96D007CD883 /* DetailInputTextField.swift */,
				0B0379332C89F96D007CD883 /* MonthInputTextField.swift */,
				0B0379342C89F96D007CD883 /* YearInputTextField.swift */,
			);
			path = "Text Fields";
			sourceTree = "<group>";
		};
		0B0379412C89F96D007CD883 /* UI */ = {
			isa = PBXGroup;
			children = (
				0B0379352C89F96D007CD883 /* Text Fields */,
				0B0379362C89F96D007CD883 /* CardTextField.swift */,
				0B0379372C89F96D007CD883 /* CardTextField+CardInfoTextFieldDelegate.swift */,
				0B0379382C89F96D007CD883 /* CardTextField+InterfaceBuilder.swift */,
				0B0379392C89F96D007CD883 /* CardTextField+PrefillInformation.swift */,
				0B03793A2C89F96D007CD883 /* CardTextField+ViewAnimations.swift */,
				0B03793B2C89F96D007CD883 /* CardTextFieldDelegate.swift */,
				0B03793C2C89F96D007CD883 /* CardTypeImageStore.swift */,
				0B03793D2C89F96D007CD883 /* CardView.xib */,
				0B03793E2C89F96D007CD883 /* NumberInputTextField.swift */,
				0B03793F2C89F96D007CD883 /* NumberInputTextFieldDelegate.swift */,
				0B0379402C89F96D007CD883 /* StylizedTextField.swift */,
			);
			path = UI;
			sourceTree = "<group>";
		};
		0B0379432C89F96D007CD883 /* Validation */ = {
			isa = PBXGroup;
			children = (
				0B0379422C89F96D007CD883 /* CardValidationResult.swift */,
			);
			path = Validation;
			sourceTree = "<group>";
		};
		0B03794B2C89F96D007CD883 /* Caishen */ = {
			isa = PBXGroup;
			children = (
				0B0379292C89F96D007CD883 /* Cards */,
				0B03792B2C89F96D007CD883 /* Format */,
				0B0379412C89F96D007CD883 /* UI */,
				0B0379432C89F96D007CD883 /* Validation */,
				0B0379442C89F96D007CD883 /* Caishen.h */,
				0B0379452C89F96D007CD883 /* Caishen.swift */,
				0B0379462C89F96D007CD883 /* CharacterExtension.swift */,
				0B0379472C89F96D007CD883 /* Info.plist */,
				0B0379482C89F96D007CD883 /* Localization.swift */,
				0B0379492C89F96D007CD883 /* StringExtension.swift */,
				0B03794A2C89F96D007CD883 /* UITextField+Extensions.swift */,
			);
			path = Caishen;
			sourceTree = "<group>";
		};
		0B0379522C89F96D007CD883 /* Resources */ = {
			isa = PBXGroup;
			children = (
				0B03794D2C89F96D007CD883 /* Localizable.strings */,
				0B03794F2C89F96D007CD883 /* Localizable.strings */,
				0B0379512C89F96D007CD883 /* Localizable.strings */,
			);
			path = Resources;
			sourceTree = "<group>";
		};
		0B0379532C89F96D007CD883 /* Sources */ = {
			isa = PBXGroup;
			children = (
				0B0379192C89F96D007CD883 /* Assets */,
				0B03794B2C89F96D007CD883 /* Caishen */,
				0B0379522C89F96D007CD883 /* Resources */,
			);
			path = Sources;
			sourceTree = "<group>";
		};
		0B0379882C89F977007CD883 /* CaishenTests */ = {
			isa = PBXGroup;
			children = (
				0B0379812C89F977007CD883 /* CaishenTests.swift */,
				0B0379822C89F977007CD883 /* CardCVCValidatorTests.swift */,
				0B0379832C89F977007CD883 /* CardExpiryValidatorTests.swift */,
				0B0379842C89F977007CD883 /* CardNumberFormatterTests.swift */,
				0B0379852C89F977007CD883 /* CardNumberValidatorTests.swift */,
				0B0379862C89F977007CD883 /* Info.plist */,
				0B0379872C89F977007CD883 /* XCTAssertValidation.swift */,
			);
			path = CaishenTests;
			sourceTree = "<group>";
		};
		0B0379892C89F977007CD883 /* Tests */ = {
			isa = PBXGroup;
			children = (
				0B0379882C89F977007CD883 /* CaishenTests */,
			);
			path = Tests;
			sourceTree = "<group>";
		};
		2FDD15061CC7B0B90086CEAC = {
			isa = PBXGroup;
			children = (
				0B0379532C89F96D007CD883 /* Sources */,
				0B0379892C89F977007CD883 /* Tests */,
				2FDD15111CC7B0B90086CEAC /* Products */,
			);
			sourceTree = "<group>";
		};
		2FDD15111CC7B0B90086CEAC /* Products */ = {
			isa = PBXGroup;
			children = (
				2FDD15101CC7B0B90086CEAC /* Caishen.framework */,
				2FDD151A1CC7B0B90086CEAC /* CaishenTests.xctest */,
			);
			name = Products;
			sourceTree = "<group>";
		};
/* End PBXGroup section */

/* Begin PBXHeadersBuildPhase section */
		2FDD150D1CC7B0B90086CEAC /* Headers */ = {
			isa = PBXHeadersBuildPhase;
			buildActionMask = 2147483647;
			files = (
				0B0379772C89F96D007CD883 /* Caishen.h in Headers */,
			);
			runOnlyForDeploymentPostprocessing = 0;
		};
/* End PBXHeadersBuildPhase section */

/* Begin PBXNativeTarget section */
		2FDD150F1CC7B0B90086CEAC /* Caishen */ = {
			isa = PBXNativeTarget;
			buildConfigurationList = 2FDD15241CC7B0B90086CEAC /* Build configuration list for PBXNativeTarget "Caishen" */;
			buildPhases = (
				2FDD150B1CC7B0B90086CEAC /* Sources */,
				2FDD150C1CC7B0B90086CEAC /* Frameworks */,
				2FDD150D1CC7B0B90086CEAC /* Headers */,
				2FDD150E1CC7B0B90086CEAC /* Resources */,
			);
			buildRules = (
			);
			dependencies = (
			);
			name = Caishen;
			productName = Caishen;
			productReference = 2FDD15101CC7B0B90086CEAC /* Caishen.framework */;
			productType = "com.apple.product-type.framework";
		};
		2FDD15191CC7B0B90086CEAC /* CaishenTests */ = {
			isa = PBXNativeTarget;
			buildConfigurationList = 2FDD15271CC7B0B90086CEAC /* Build configuration list for PBXNativeTarget "CaishenTests" */;
			buildPhases = (
				2FDD15161CC7B0B90086CEAC /* Sources */,
				2FDD15171CC7B0B90086CEAC /* Frameworks */,
				2FDD15181CC7B0B90086CEAC /* Resources */,
			);
			buildRules = (
			);
			dependencies = (
				2FDD151D1CC7B0B90086CEAC /* PBXTargetDependency */,
			);
			name = CaishenTests;
			productName = CaishenTests;
			productReference = 2FDD151A1CC7B0B90086CEAC /* CaishenTests.xctest */;
			productType = "com.apple.product-type.bundle.unit-test";
		};
/* End PBXNativeTarget section */

/* Begin PBXProject section */
		2FDD15071CC7B0B90086CEAC /* Project object */ = {
			isa = PBXProject;
			attributes = {
				LastSwiftUpdateCheck = 0730;
				LastUpgradeCheck = 1000;
				ORGANIZATIONNAME = "Prolific Interactive";
				TargetAttributes = {
					2FDD150F1CC7B0B90086CEAC = {
						CreatedOnToolsVersion = 7.3;
						LastSwiftMigration = 0800;
					};
					2FDD15191CC7B0B90086CEAC = {
						CreatedOnToolsVersion = 7.3;
						LastSwiftMigration = 0800;
					};
				};
			};
			buildConfigurationList = 2FDD150A1CC7B0B90086CEAC /* Build configuration list for PBXProject "Caishen" */;
			compatibilityVersion = "Xcode 3.2";
			developmentRegion = English;
			hasScannedForEncodings = 0;
			knownRegions = (
				English,
				en,
				de,
				"zh-Hans",
			);
			mainGroup = 2FDD15061CC7B0B90086CEAC;
			productRefGroup = 2FDD15111CC7B0B90086CEAC /* Products */;
			projectDirPath = "";
			projectRoot = "";
			targets = (
				2FDD150F1CC7B0B90086CEAC /* Caishen */,
				2FDD15191CC7B0B90086CEAC /* CaishenTests */,
			);
		};
/* End PBXProject section */

/* Begin PBXResourcesBuildPhase section */
		2FDD150E1CC7B0B90086CEAC /* Resources */ = {
			isa = PBXResourcesBuildPhase;
			buildActionMask = 2147483647;
			files = (
				0B03797F2C89F96D007CD883 /* Localizable.strings in Resources */,
				0B0379802C89F96D007CD883 /* Localizable.strings in Resources */,
				0B0379722C89F96D007CD883 /* CardView.xib in Resources */,
				0B03797E2C89F96D007CD883 /* Localizable.strings in Resources */,
				0B0379542C89F96D007CD883 /* Media.xcassets in Resources */,
			);
			runOnlyForDeploymentPostprocessing = 0;
		};
		2FDD15181CC7B0B90086CEAC /* Resources */ = {
			isa = PBXResourcesBuildPhase;
			buildActionMask = 2147483647;
			files = (
			);
			runOnlyForDeploymentPostprocessing = 0;
		};
/* End PBXResourcesBuildPhase section */

/* Begin PBXSourcesBuildPhase section */
		2FDD150B1CC7B0B90086CEAC /* Sources */ = {
			isa = PBXSourcesBuildPhase;
			buildActionMask = 2147483647;
			files = (
				0B0379672C89F96D007CD883 /* CVCInputTextField.swift in Sources */,
				0B03795C2C89F96D007CD883 /* Visa.swift in Sources */,
				0B03796F2C89F96D007CD883 /* CardTextField+ViewAnimations.swift in Sources */,
				0B03797C2C89F96D007CD883 /* StringExtension.swift in Sources */,
				0B03795D2C89F96D007CD883 /* Card.swift in Sources */,
				0B0379652C89F96D007CD883 /* AutoCompletingTextField.swift in Sources */,
				0B0379782C89F96D007CD883 /* Caishen.swift in Sources */,
				0B03795F2C89F96D007CD883 /* CardTypeRegister.swift in Sources */,
				0B03795B2C89F96D007CD883 /* UnknownCardType.swift in Sources */,
				0B03797D2C89F96D007CD883 /* UITextField+Extensions.swift in Sources */,
				0B0379642C89F96D007CD883 /* CardInfoTextFieldDelegate.swift in Sources */,
				0B03795E2C89F96D007CD883 /* CardType.swift in Sources */,
				0B0379792C89F96D007CD883 /* CharacterExtension.swift in Sources */,
				0B03796D2C89F96D007CD883 /* CardTextField+InterfaceBuilder.swift in Sources */,
				0B03796C2C89F96D007CD883 /* CardTextField+CardInfoTextFieldDelegate.swift in Sources */,
				0B0379712C89F96D007CD883 /* CardTypeImageStore.swift in Sources */,
				0B03797B2C89F96D007CD883 /* Localization.swift in Sources */,
				0B0379692C89F96D007CD883 /* MonthInputTextField.swift in Sources */,
				0B0379762C89F96D007CD883 /* CardValidationResult.swift in Sources */,
				0B03796A2C89F96D007CD883 /* YearInputTextField.swift in Sources */,
				0B0379592C89F96D007CD883 /* JCB.swift in Sources */,
				0B03796B2C89F96D007CD883 /* CardTextField.swift in Sources */,
				0B0379582C89F96D007CD883 /* Discover.swift in Sources */,
				0B0379562C89F96D007CD883 /* ChinaUnionPay.swift in Sources */,
				0B0379622C89F96D007CD883 /* Number.swift in Sources */,
				0B0379752C89F96D007CD883 /* StylizedTextField.swift in Sources */,
				0B0379612C89F96D007CD883 /* Expiry.swift in Sources */,
				0B0379682C89F96D007CD883 /* DetailInputTextField.swift in Sources */,
				0B0379702C89F96D007CD883 /* CardTextFieldDelegate.swift in Sources */,
				0B03796E2C89F96D007CD883 /* CardTextField+PrefillInformation.swift in Sources */,
				0B0379602C89F96D007CD883 /* CVC.swift in Sources */,
				0B0379572C89F96D007CD883 /* DinersClub.swift in Sources */,
				0B0379732C89F96D007CD883 /* NumberInputTextField.swift in Sources */,
				0B0379662C89F96D007CD883 /* TextFieldValidation.swift in Sources */,
				0B0379552C89F96D007CD883 /* AmericanExpress.swift in Sources */,
				0B0379742C89F96D007CD883 /* NumberInputTextFieldDelegate.swift in Sources */,
				0B03795A2C89F96D007CD883 /* MasterCard.swift in Sources */,
				0B0379632C89F96D007CD883 /* CardNumberFormatter.swift in Sources */,
			);
			runOnlyForDeploymentPostprocessing = 0;
		};
		2FDD15161CC7B0B90086CEAC /* Sources */ = {
			isa = PBXSourcesBuildPhase;
			buildActionMask = 2147483647;
			files = (
				0B0379912C89FA0A007CD883 /* CaishenTests.swift in Sources */,
				0B0379922C89FA0A007CD883 /* CardNumberFormatterTests.swift in Sources */,
				0B0379932C89FA0A007CD883 /* CardCVCValidatorTests.swift in Sources */,
				0B0379942C89FA0A007CD883 /* CardNumberValidatorTests.swift in Sources */,
				0B0379952C89FA0A007CD883 /* CardExpiryValidatorTests.swift in Sources */,
				0B0379962C89FA0A007CD883 /* XCTAssertValidation.swift in Sources */,
			);
			runOnlyForDeploymentPostprocessing = 0;
		};
/* End PBXSourcesBuildPhase section */

/* Begin PBXTargetDependency section */
		2FDD151D1CC7B0B90086CEAC /* PBXTargetDependency */ = {
			isa = PBXTargetDependency;
			target = 2FDD150F1CC7B0B90086CEAC /* Caishen */;
			targetProxy = 2FDD151C1CC7B0B90086CEAC /* PBXContainerItemProxy */;
		};
/* End PBXTargetDependency section */

/* Begin PBXVariantGroup section */
		0B03794D2C89F96D007CD883 /* Localizable.strings */ = {
			isa = PBXVariantGroup;
			children = (
				0B03794C2C89F96D007CD883 /* de */,
			);
			name = Localizable.strings;
			sourceTree = "<group>";
		};
		0B03794F2C89F96D007CD883 /* Localizable.strings */ = {
			isa = PBXVariantGroup;
			children = (
				0B03794E2C89F96D007CD883 /* zh-Hans */,
			);
			name = Localizable.strings;
			sourceTree = "<group>";
		};
		0B0379512C89F96D007CD883 /* Localizable.strings */ = {
			isa = PBXVariantGroup;
			children = (
				0B0379502C89F96D007CD883 /* en */,
			);
			name = Localizable.strings;
			sourceTree = "<group>";
		};
/* End PBXVariantGroup section */

/* Begin XCBuildConfiguration section */
		2FDD15221CC7B0B90086CEAC /* Debug */ = {
			isa = XCBuildConfiguration;
			buildSettings = {
				ALWAYS_SEARCH_USER_PATHS = NO;
				CLANG_ANALYZER_NONNULL = YES;
				CLANG_CXX_LANGUAGE_STANDARD = "gnu++0x";
				CLANG_CXX_LIBRARY = "libc++";
				CLANG_ENABLE_MODULES = YES;
				CLANG_ENABLE_OBJC_ARC = YES;
				CLANG_WARN_BLOCK_CAPTURE_AUTORELEASING = YES;
				CLANG_WARN_BOOL_CONVERSION = YES;
				CLANG_WARN_COMMA = YES;
				CLANG_WARN_CONSTANT_CONVERSION = YES;
				CLANG_WARN_DEPRECATED_OBJC_IMPLEMENTATIONS = YES;
				CLANG_WARN_DIRECT_OBJC_ISA_USAGE = YES_ERROR;
				CLANG_WARN_EMPTY_BODY = YES;
				CLANG_WARN_ENUM_CONVERSION = YES;
				CLANG_WARN_INFINITE_RECURSION = YES;
				CLANG_WARN_INT_CONVERSION = YES;
				CLANG_WARN_NON_LITERAL_NULL_CONVERSION = YES;
				CLANG_WARN_OBJC_IMPLICIT_RETAIN_SELF = YES;
				CLANG_WARN_OBJC_LITERAL_CONVERSION = YES;
				CLANG_WARN_OBJC_ROOT_CLASS = YES_ERROR;
				CLANG_WARN_RANGE_LOOP_ANALYSIS = YES;
				CLANG_WARN_STRICT_PROTOTYPES = YES;
				CLANG_WARN_SUSPICIOUS_MOVE = YES;
				CLANG_WARN_UNREACHABLE_CODE = YES;
				CLANG_WARN__DUPLICATE_METHOD_MATCH = YES;
				"CODE_SIGN_IDENTITY[sdk=iphoneos*]" = "iPhone Developer";
				COPY_PHASE_STRIP = NO;
				CURRENT_PROJECT_VERSION = 1;
				DEBUG_INFORMATION_FORMAT = dwarf;
				ENABLE_STRICT_OBJC_MSGSEND = YES;
				ENABLE_TESTABILITY = YES;
				GCC_C_LANGUAGE_STANDARD = gnu99;
				GCC_DYNAMIC_NO_PIC = NO;
				GCC_NO_COMMON_BLOCKS = YES;
				GCC_OPTIMIZATION_LEVEL = 0;
				GCC_PREPROCESSOR_DEFINITIONS = (
					"DEBUG=1",
					"$(inherited)",
				);
				GCC_WARN_64_TO_32_BIT_CONVERSION = YES;
				GCC_WARN_ABOUT_RETURN_TYPE = YES_ERROR;
				GCC_WARN_UNDECLARED_SELECTOR = YES;
				GCC_WARN_UNINITIALIZED_AUTOS = YES_AGGRESSIVE;
				GCC_WARN_UNUSED_FUNCTION = YES;
				GCC_WARN_UNUSED_VARIABLE = YES;
				IPHONEOS_DEPLOYMENT_TARGET = 12.0;
				MTL_ENABLE_DEBUG_INFO = YES;
				ONLY_ACTIVE_ARCH = YES;
				SDKROOT = iphoneos;
				SWIFT_OPTIMIZATION_LEVEL = "-Onone";
				SWIFT_VERSION = 5.0;
				TARGETED_DEVICE_FAMILY = "1,2";
				VERSIONING_SYSTEM = "apple-generic";
				VERSION_INFO_PREFIX = "";
			};
			name = Debug;
		};
		2FDD15231CC7B0B90086CEAC /* Release */ = {
			isa = XCBuildConfiguration;
			buildSettings = {
				ALWAYS_SEARCH_USER_PATHS = NO;
				CLANG_ANALYZER_NONNULL = YES;
				CLANG_CXX_LANGUAGE_STANDARD = "gnu++0x";
				CLANG_CXX_LIBRARY = "libc++";
				CLANG_ENABLE_MODULES = YES;
				CLANG_ENABLE_OBJC_ARC = YES;
				CLANG_WARN_BLOCK_CAPTURE_AUTORELEASING = YES;
				CLANG_WARN_BOOL_CONVERSION = YES;
				CLANG_WARN_COMMA = YES;
				CLANG_WARN_CONSTANT_CONVERSION = YES;
				CLANG_WARN_DEPRECATED_OBJC_IMPLEMENTATIONS = YES;
				CLANG_WARN_DIRECT_OBJC_ISA_USAGE = YES_ERROR;
				CLANG_WARN_EMPTY_BODY = YES;
				CLANG_WARN_ENUM_CONVERSION = YES;
				CLANG_WARN_INFINITE_RECURSION = YES;
				CLANG_WARN_INT_CONVERSION = YES;
				CLANG_WARN_NON_LITERAL_NULL_CONVERSION = YES;
				CLANG_WARN_OBJC_IMPLICIT_RETAIN_SELF = YES;
				CLANG_WARN_OBJC_LITERAL_CONVERSION = YES;
				CLANG_WARN_OBJC_ROOT_CLASS = YES_ERROR;
				CLANG_WARN_RANGE_LOOP_ANALYSIS = YES;
				CLANG_WARN_STRICT_PROTOTYPES = YES;
				CLANG_WARN_SUSPICIOUS_MOVE = YES;
				CLANG_WARN_UNREACHABLE_CODE = YES;
				CLANG_WARN__DUPLICATE_METHOD_MATCH = YES;
				"CODE_SIGN_IDENTITY[sdk=iphoneos*]" = "iPhone Developer";
				COPY_PHASE_STRIP = NO;
				CURRENT_PROJECT_VERSION = 1;
				DEBUG_INFORMATION_FORMAT = "dwarf-with-dsym";
				ENABLE_NS_ASSERTIONS = NO;
				ENABLE_STRICT_OBJC_MSGSEND = YES;
				GCC_C_LANGUAGE_STANDARD = gnu99;
				GCC_NO_COMMON_BLOCKS = YES;
				GCC_WARN_64_TO_32_BIT_CONVERSION = YES;
				GCC_WARN_ABOUT_RETURN_TYPE = YES_ERROR;
				GCC_WARN_UNDECLARED_SELECTOR = YES;
				GCC_WARN_UNINITIALIZED_AUTOS = YES_AGGRESSIVE;
				GCC_WARN_UNUSED_FUNCTION = YES;
				GCC_WARN_UNUSED_VARIABLE = YES;
				IPHONEOS_DEPLOYMENT_TARGET = 12.0;
				MTL_ENABLE_DEBUG_INFO = NO;
				SDKROOT = iphoneos;
				SWIFT_VERSION = 5.0;
				TARGETED_DEVICE_FAMILY = "1,2";
				VALIDATE_PRODUCT = YES;
				VERSIONING_SYSTEM = "apple-generic";
				VERSION_INFO_PREFIX = "";
			};
			name = Release;
		};
		2FDD15251CC7B0B90086CEAC /* Debug */ = {
			isa = XCBuildConfiguration;
			buildSettings = {
				"CODE_SIGN_IDENTITY[sdk=iphoneos*]" = "";
				DEFINES_MODULE = YES;
				DYLIB_COMPATIBILITY_VERSION = 1;
				DYLIB_CURRENT_VERSION = 1;
				DYLIB_INSTALL_NAME_BASE = "@rpath";
				INFOPLIST_FILE = Sources/Caishen/Info.plist;
				INSTALL_PATH = "$(LOCAL_LIBRARY_DIR)/Frameworks";
				LD_RUNPATH_SEARCH_PATHS = "$(inherited) @executable_path/Frameworks @loader_path/Frameworks";
				PRODUCT_BUNDLE_IDENTIFIER = com.prolificinteractive.Caishen;
				PRODUCT_NAME = "$(TARGET_NAME)";
				SKIP_INSTALL = YES;
				SWIFT_VERSION = 4.2;
			};
			name = Debug;
		};
		2FDD15261CC7B0B90086CEAC /* Release */ = {
			isa = XCBuildConfiguration;
			buildSettings = {
				"CODE_SIGN_IDENTITY[sdk=iphoneos*]" = "";
				DEFINES_MODULE = YES;
				DYLIB_COMPATIBILITY_VERSION = 1;
				DYLIB_CURRENT_VERSION = 1;
				DYLIB_INSTALL_NAME_BASE = "@rpath";
				INFOPLIST_FILE = Sources/Caishen/Info.plist;
				INSTALL_PATH = "$(LOCAL_LIBRARY_DIR)/Frameworks";
				LD_RUNPATH_SEARCH_PATHS = "$(inherited) @executable_path/Frameworks @loader_path/Frameworks";
				PRODUCT_BUNDLE_IDENTIFIER = com.prolificinteractive.Caishen;
				PRODUCT_NAME = "$(TARGET_NAME)";
				SKIP_INSTALL = YES;
				SWIFT_OPTIMIZATION_LEVEL = "-Owholemodule";
				SWIFT_VERSION = 4.2;
			};
			name = Release;
		};
		2FDD15281CC7B0B90086CEAC /* Debug */ = {
			isa = XCBuildConfiguration;
			buildSettings = {
				ALWAYS_EMBED_SWIFT_STANDARD_LIBRARIES = YES;
				INFOPLIST_FILE = CaishenTests/Info.plist;
				LD_RUNPATH_SEARCH_PATHS = "$(inherited) @executable_path/Frameworks @loader_path/Frameworks";
				PRODUCT_BUNDLE_IDENTIFIER = com.prolificinteractive.CaishenTests;
				PRODUCT_NAME = "$(TARGET_NAME)";
				SWIFT_VERSION = 4.2;
			};
			name = Debug;
		};
		2FDD15291CC7B0B90086CEAC /* Release */ = {
			isa = XCBuildConfiguration;
			buildSettings = {
				ALWAYS_EMBED_SWIFT_STANDARD_LIBRARIES = YES;
				INFOPLIST_FILE = CaishenTests/Info.plist;
				LD_RUNPATH_SEARCH_PATHS = "$(inherited) @executable_path/Frameworks @loader_path/Frameworks";
				PRODUCT_BUNDLE_IDENTIFIER = com.prolificinteractive.CaishenTests;
				PRODUCT_NAME = "$(TARGET_NAME)";
				SWIFT_OPTIMIZATION_LEVEL = "-Owholemodule";
				SWIFT_VERSION = 4.2;
			};
			name = Release;
		};
/* End XCBuildConfiguration section */

/* Begin XCConfigurationList section */
		2FDD150A1CC7B0B90086CEAC /* Build configuration list for PBXProject "Caishen" */ = {
			isa = XCConfigurationList;
			buildConfigurations = (
				2FDD15221CC7B0B90086CEAC /* Debug */,
				2FDD15231CC7B0B90086CEAC /* Release */,
			);
			defaultConfigurationIsVisible = 0;
			defaultConfigurationName = Release;
		};
		2FDD15241CC7B0B90086CEAC /* Build configuration list for PBXNativeTarget "Caishen" */ = {
			isa = XCConfigurationList;
			buildConfigurations = (
				2FDD15251CC7B0B90086CEAC /* Debug */,
				2FDD15261CC7B0B90086CEAC /* Release */,
			);
			defaultConfigurationIsVisible = 0;
			defaultConfigurationName = Release;
		};
		2FDD15271CC7B0B90086CEAC /* Build configuration list for PBXNativeTarget "CaishenTests" */ = {
			isa = XCConfigurationList;
			buildConfigurations = (
				2FDD15281CC7B0B90086CEAC /* Debug */,
				2FDD15291CC7B0B90086CEAC /* Release */,
			);
			defaultConfigurationIsVisible = 0;
			defaultConfigurationName = Release;
		};
/* End XCConfigurationList section */
	};
	rootObject = 2FDD15071CC7B0B90086CEAC /* Project object */;
}
