PODS:
  - Caishen (3.0.0)
  - CardIO (5.3.2)

DEPENDENCIES:
  - Caishen (from `../`)
  - CardIO

SPEC REPOS:
  https://github.com/CocoaPods/specs.git:
    - CardIO

EXTERNAL SOURCES:
  Caishen:
    :path: "../"

SPEC CHECKSUMS:
  Caishen: 4556fbff33cb68c26e09f7ac65b283074feb04fa
  CardIO: 92c45caef0d986c4a303a7afba0c9b76ff2b1f6e

PODFILE CHECKSUM: 1514fd4fa58ab9e1f9e1ed14ec4c0220e09f13d1

COCOAPODS: 1.12.1
